// !$*UTF8*$!
{
	archiveVersion = 1;
	classes = {};
	objectVersion = 77;
	objects = {

/* Begin PBXBuildFile section */
		8D0A01DA01364361BBDB3D8C /* detailsMatterApp.swift in Sources */ = {isa = PBXBuildFile; fileRef = 544EB23DF6764B1394E7A8B4 /* detailsMatterApp.swift */; };
		8056AD97CEA04DF0B913A5A4 /* ContentView.swift in Sources */ = {isa = PBXBuildFile; fileRef = 4C321B7D41574691BB81922E /* ContentView.swift */; };
		98FEA263E62248BCA445E9D9 /* SharedComponents.swift in Sources */ = {isa = PBXBuildFile; fileRef = CACD8E22B75E47ECAEC5FD5A /* SharedComponents.swift */; };
		035C109EA18B418E86BC7AC6 /* DMUser.swift in Sources */ = {isa = PBXBuildFile; fileRef = 8A0401ADFCF94CE88F49CE64 /* DMUser.swift */; };
		257C6B9F92BA42B2B7521ED4 /* Appointment.swift in Sources */ = {isa = PBXBuildFile; fileRef = 4FDCCD79178245D5B6E50199 /* Appointment.swift */; };
		8D22C5FEA6F9405FAF998C20 /* TimeSlot.swift in Sources */ = {isa = PBXBuildFile; fileRef = 0A399B5D890442ADA74BB0B4 /* TimeSlot.swift */; };
		224BD7F953BC410F886F3552 /* DetailService.swift in Sources */ = {isa = PBXBuildFile; fileRef = 08C10D1FF6EF48FE8A745FCE /* DetailService.swift */; };
		1ABA72F5F5434DBD9055E6A1 /* VehicleInfo.swift in Sources */ = {isa = PBXBuildFile; fileRef = 524B587173AF47299AB2C541 /* VehicleInfo.swift */; };
		D97E2B67954D4A399EA9326F /* AuthService.swift in Sources */ = {isa = PBXBuildFile; fileRef = 0274162083004FA6920286BF /* AuthService.swift */; };
		2206061E6FCA481ABD7A75CD /* FirestoreService.swift in Sources */ = {isa = PBXBuildFile; fileRef = AE9873697CFF40B8B2A82F84 /* FirestoreService.swift */; };
		FDA4551BBA834A248CBCEFAD /* DemoData.swift in Sources */ = {isa = PBXBuildFile; fileRef = 15273DE322AA4B57A4587809 /* DemoData.swift */; };
		1F72494953D042358C4DA9C6 /* AuthViewModel.swift in Sources */ = {isa = PBXBuildFile; fileRef = A08DF0CAB8B640D9A5DBD625 /* AuthViewModel.swift */; };
		CA50AB6DD42A4663B34001A1 /* ClientHomeViewModel.swift in Sources */ = {isa = PBXBuildFile; fileRef = F913E25208AE4C02857D8EAD /* ClientHomeViewModel.swift */; };
		874CB63EE1284C54BE07313C /* CalendarViewModel.swift in Sources */ = {isa = PBXBuildFile; fileRef = ABF4BD5DF8F74C1F83966454 /* CalendarViewModel.swift */; };
		F071D7B176A247589E8FEFD2 /* BookingViewModel.swift in Sources */ = {isa = PBXBuildFile; fileRef = BC08D239C5EF4E6285E2AD7B /* BookingViewModel.swift */; };
		AF0C5B72269B4474916D8802 /* AppointmentDetailViewModel.swift in Sources */ = {isa = PBXBuildFile; fileRef = 79AE71BC071D4EB190005B9F /* AppointmentDetailViewModel.swift */; };
		FDFDAF5C430840EB916019C6 /* AdminDashboardViewModel.swift in Sources */ = {isa = PBXBuildFile; fileRef = 3F4F8A0508134E4DB3286777 /* AdminDashboardViewModel.swift */; };
		87DE351F17C643559310CCD6 /* AdminSlotsViewModel.swift in Sources */ = {isa = PBXBuildFile; fileRef = B4563BDB6F7042E499EB3853 /* AdminSlotsViewModel.swift */; };
		E398A72F005A41ED843D5E06 /* LoginView.swift in Sources */ = {isa = PBXBuildFile; fileRef = 09208C59DE824086AE309367 /* LoginView.swift */; };
		7B4D386F66E54080A9F3622A /* SMSVerificationView.swift in Sources */ = {isa = PBXBuildFile; fileRef = 1B45FCA970814885A4A11B28 /* SMSVerificationView.swift */; };
		624E620021164C1191C4ACB2 /* AdminLoginView.swift in Sources */ = {isa = PBXBuildFile; fileRef = 40E95A189C9442398DD63974 /* AdminLoginView.swift */; };
		DEC4FD6AC0E744EB922F62B2 /* ClientHomeView.swift in Sources */ = {isa = PBXBuildFile; fileRef = 24CF389DD47242848278A73F /* ClientHomeView.swift */; };
		20B2B21FCBAC497CAA5D4899 /* CalendarView.swift in Sources */ = {isa = PBXBuildFile; fileRef = 65DB6E6013B944888B3C5C37 /* CalendarView.swift */; };
		D58C2A3385864051BB5C8C86 /* TimeSlotPickerView.swift in Sources */ = {isa = PBXBuildFile; fileRef = 6DA9872C83744E0087587A5A /* TimeSlotPickerView.swift */; };
		C475E8594AFE487A91F1B5FF /* BookingFormView.swift in Sources */ = {isa = PBXBuildFile; fileRef = 0F656C0D10CD44F8B6CCB174 /* BookingFormView.swift */; };
		4A998613F9054DE0B6932F70 /* AppointmentDetailView.swift in Sources */ = {isa = PBXBuildFile; fileRef = 77D554C9EDE5432FA37AD4DC /* AppointmentDetailView.swift */; };
		01F177B6E42B44B3ABA3FEF4 /* AdminDashboardView.swift in Sources */ = {isa = PBXBuildFile; fileRef = 21053B5F35014978B24C4669 /* AdminDashboardView.swift */; };
		B273C04E720E4989AF32E70E /* AdminSlotManagerView.swift in Sources */ = {isa = PBXBuildFile; fileRef = 91E16BCB9B794CD79F269176 /* AdminSlotManagerView.swift */; };
		D944EB721FD2491EA14928ED /* AdminAppointmentDetailView.swift in Sources */ = {isa = PBXBuildFile; fileRef = A8868B41ED19493D93A39F32 /* AdminAppointmentDetailView.swift */; };
		FADD30A9C02C4E398A96F78F /* Assets.xcassets in Resources */ = {isa = PBXBuildFile; fileRef = CAD14A9823074584815938E1 /* Assets.xcassets */; };
		C3CAE3FD2B1742EAA6B96DBA /* GoogleService-Info.plist in Resources */ = {isa = PBXBuildFile; fileRef = 80E2695B456D49D1A9D37356 /* GoogleService-Info.plist */; };
		3EBE1BF8CC0D433B94ACC6BD /* FirebaseAuth in Frameworks */ = {isa = PBXBuildFile; productRef = C6AB5A2D463A4A84AF34C471 /* FirebaseAuth */; };
		501B127BBC8A45E9945946DD /* FirebaseFirestore in Frameworks */ = {isa = PBXBuildFile; productRef = 5E35B570CAAF4B949A9FEC54 /* FirebaseFirestore */; };
/* End PBXBuildFile section */

/* Begin PBXFileReference section */
		544EB23DF6764B1394E7A8B4 /* detailsMatterApp.swift */ = {isa = PBXFileReference; lastKnownFileType = sourcecode.swift; path = detailsMatterApp.swift; sourceTree = "<group>"; };
		4C321B7D41574691BB81922E /* ContentView.swift */ = {isa = PBXFileReference; lastKnownFileType = sourcecode.swift; path = ContentView.swift; sourceTree = "<group>"; };
		CACD8E22B75E47ECAEC5FD5A /* SharedComponents.swift */ = {isa = PBXFileReference; lastKnownFileType = sourcecode.swift; path = SharedComponents.swift; sourceTree = "<group>"; };
		8A0401ADFCF94CE88F49CE64 /* DMUser.swift */ = {isa = PBXFileReference; lastKnownFileType = sourcecode.swift; path = DMUser.swift; sourceTree = "<group>"; };
		4FDCCD79178245D5B6E50199 /* Appointment.swift */ = {isa = PBXFileReference; lastKnownFileType = sourcecode.swift; path = Appointment.swift; sourceTree = "<group>"; };
		0A399B5D890442ADA74BB0B4 /* TimeSlot.swift */ = {isa = PBXFileReference; lastKnownFileType = sourcecode.swift; path = TimeSlot.swift; sourceTree = "<group>"; };
		08C10D1FF6EF48FE8A745FCE /* DetailService.swift */ = {isa = PBXFileReference; lastKnownFileType = sourcecode.swift; path = DetailService.swift; sourceTree = "<group>"; };
		524B587173AF47299AB2C541 /* VehicleInfo.swift */ = {isa = PBXFileReference; lastKnownFileType = sourcecode.swift; path = VehicleInfo.swift; sourceTree = "<group>"; };
		0274162083004FA6920286BF /* AuthService.swift */ = {isa = PBXFileReference; lastKnownFileType = sourcecode.swift; path = AuthService.swift; sourceTree = "<group>"; };
		AE9873697CFF40B8B2A82F84 /* FirestoreService.swift */ = {isa = PBXFileReference; lastKnownFileType = sourcecode.swift; path = FirestoreService.swift; sourceTree = "<group>"; };
		15273DE322AA4B57A4587809 /* DemoData.swift */ = {isa = PBXFileReference; lastKnownFileType = sourcecode.swift; path = DemoData.swift; sourceTree = "<group>"; };
		A08DF0CAB8B640D9A5DBD625 /* AuthViewModel.swift */ = {isa = PBXFileReference; lastKnownFileType = sourcecode.swift; path = AuthViewModel.swift; sourceTree = "<group>"; };
		F913E25208AE4C02857D8EAD /* ClientHomeViewModel.swift */ = {isa = PBXFileReference; lastKnownFileType = sourcecode.swift; path = ClientHomeViewModel.swift; sourceTree = "<group>"; };
		ABF4BD5DF8F74C1F83966454 /* CalendarViewModel.swift */ = {isa = PBXFileReference; lastKnownFileType = sourcecode.swift; path = CalendarViewModel.swift; sourceTree = "<group>"; };
		BC08D239C5EF4E6285E2AD7B /* BookingViewModel.swift */ = {isa = PBXFileReference; lastKnownFileType = sourcecode.swift; path = BookingViewModel.swift; sourceTree = "<group>"; };
		79AE71BC071D4EB190005B9F /* AppointmentDetailViewModel.swift */ = {isa = PBXFileReference; lastKnownFileType = sourcecode.swift; path = AppointmentDetailViewModel.swift; sourceTree = "<group>"; };
		3F4F8A0508134E4DB3286777 /* AdminDashboardViewModel.swift */ = {isa = PBXFileReference; lastKnownFileType = sourcecode.swift; path = AdminDashboardViewModel.swift; sourceTree = "<group>"; };
		B4563BDB6F7042E499EB3853 /* AdminSlotsViewModel.swift */ = {isa = PBXFileReference; lastKnownFileType = sourcecode.swift; path = AdminSlotsViewModel.swift; sourceTree = "<group>"; };
		09208C59DE824086AE309367 /* LoginView.swift */ = {isa = PBXFileReference; lastKnownFileType = sourcecode.swift; path = LoginView.swift; sourceTree = "<group>"; };
		1B45FCA970814885A4A11B28 /* SMSVerificationView.swift */ = {isa = PBXFileReference; lastKnownFileType = sourcecode.swift; path = SMSVerificationView.swift; sourceTree = "<group>"; };
		40E95A189C9442398DD63974 /* AdminLoginView.swift */ = {isa = PBXFileReference; lastKnownFileType = sourcecode.swift; path = AdminLoginView.swift; sourceTree = "<group>"; };
		24CF389DD47242848278A73F /* ClientHomeView.swift */ = {isa = PBXFileReference; lastKnownFileType = sourcecode.swift; path = ClientHomeView.swift; sourceTree = "<group>"; };
		65DB6E6013B944888B3C5C37 /* CalendarView.swift */ = {isa = PBXFileReference; lastKnownFileType = sourcecode.swift; path = CalendarView.swift; sourceTree = "<group>"; };
		6DA9872C83744E0087587A5A /* TimeSlotPickerView.swift */ = {isa = PBXFileReference; lastKnownFileType = sourcecode.swift; path = TimeSlotPickerView.swift; sourceTree = "<group>"; };
		0F656C0D10CD44F8B6CCB174 /* BookingFormView.swift */ = {isa = PBXFileReference; lastKnownFileType = sourcecode.swift; path = BookingFormView.swift; sourceTree = "<group>"; };
		77D554C9EDE5432FA37AD4DC /* AppointmentDetailView.swift */ = {isa = PBXFileReference; lastKnownFileType = sourcecode.swift; path = AppointmentDetailView.swift; sourceTree = "<group>"; };
		21053B5F35014978B24C4669 /* AdminDashboardView.swift */ = {isa = PBXFileReference; lastKnownFileType = sourcecode.swift; path = AdminDashboardView.swift; sourceTree = "<group>"; };
		91E16BCB9B794CD79F269176 /* AdminSlotManagerView.swift */ = {isa = PBXFileReference; lastKnownFileType = sourcecode.swift; path = AdminSlotManagerView.swift; sourceTree = "<group>"; };
		A8868B41ED19493D93A39F32 /* AdminAppointmentDetailView.swift */ = {isa = PBXFileReference; lastKnownFileType = sourcecode.swift; path = AdminAppointmentDetailView.swift; sourceTree = "<group>"; };
		CAD14A9823074584815938E1 /* Assets.xcassets */ = {isa = PBXFileReference; lastKnownFileType = folder.assetcatalog; path = Assets.xcassets; sourceTree = "<group>"; };
		80E2695B456D49D1A9D37356 /* GoogleService-Info.plist */ = {isa = PBXFileReference; lastKnownFileType = text.plist.xml; path = "GoogleService-Info.plist"; sourceTree = "<group>"; };
		E10E3D789A964F68AA072EFE /* Preview Content */ = {isa = PBXFileReference; lastKnownFileType = folder; path = "Preview Content"; sourceTree = "<group>"; };
		53E918BB9E5B4BAE914C888C /* detailsMatter.app */ = {isa = PBXFileReference; explicitFileType = wrapper.application; includeInIndex = 0; path = detailsMatter.app; sourceTree = BUILT_PRODUCTS_DIR; };
/* End PBXFileReference section */

/* Begin PBXFrameworksBuildPhase section */
		756425077D0849FA9F21DABB /* Frameworks */ = {
			isa = PBXFrameworksBuildPhase;
			buildActionMask = 2147483647;
			files = (
				3EBE1BF8CC0D433B94ACC6BD /* FirebaseAuth in Frameworks */,
				501B127BBC8A45E9945946DD /* FirebaseFirestore in Frameworks */,
			);
			runOnlyForDeploymentPostprocessing = 0;
		};
/* End PBXFrameworksBuildPhase section */

/* Begin PBXGroup section */
		1968DEC4E0364909B82FAD05 = {
			isa = PBXGroup;
			children = (
				2EC8D5E358CC43909659054E /* detailsMatter */,
				018091DE8EE44D3799128206 /* Products */,
			);
			sourceTree = "<group>";
		};
		018091DE8EE44D3799128206 /* Products */ = {
			isa = PBXGroup;
			children = (
				53E918BB9E5B4BAE914C888C /* detailsMatter.app */,
			);
			name = Products;
			sourceTree = "<group>";
		};
		2EC8D5E358CC43909659054E /* detailsMatter */ = {
			isa = PBXGroup;
			children = (
				544EB23DF6764B1394E7A8B4 /* detailsMatterApp.swift */,
				4C321B7D41574691BB81922E /* ContentView.swift */,
				CACD8E22B75E47ECAEC5FD5A /* SharedComponents.swift */,
				E2947F5532F14708B4B15233 /* Models */,
				46C00B5BD4E64F979A2FDDB1 /* Services */,
				760DBADCBAE74EB28EDC70F3 /* ViewModels */,
				CB007E1724964546A7568816 /* Views */,
				80E2695B456D49D1A9D37356 /* GoogleService-Info.plist */,
				CAD14A9823074584815938E1 /* Assets.xcassets */,
				E10E3D789A964F68AA072EFE /* Preview Content */,
			);
			path = detailsMatter;
			sourceTree = "<group>";
		};
		E2947F5532F14708B4B15233 /* Models */ = {
			isa = PBXGroup;
			children = (
				8A0401ADFCF94CE88F49CE64 /* DMUser.swift */,
				4FDCCD79178245D5B6E50199 /* Appointment.swift */,
				0A399B5D890442ADA74BB0B4 /* TimeSlot.swift */,
				08C10D1FF6EF48FE8A745FCE /* DetailService.swift */,
				524B587173AF47299AB2C541 /* VehicleInfo.swift */,
			);
			path = Models;
			sourceTree = "<group>";
		};
		46C00B5BD4E64F979A2FDDB1 /* Services */ = {
			isa = PBXGroup;
			children = (
				0274162083004FA6920286BF /* AuthService.swift */,
				AE9873697CFF40B8B2A82F84 /* FirestoreService.swift */,
				15273DE322AA4B57A4587809 /* DemoData.swift */,
			);
			path = Services;
			sourceTree = "<group>";
		};
		760DBADCBAE74EB28EDC70F3 /* ViewModels */ = {
			isa = PBXGroup;
			children = (
				A08DF0CAB8B640D9A5DBD625 /* AuthViewModel.swift */,
				F913E25208AE4C02857D8EAD /* ClientHomeViewModel.swift */,
				ABF4BD5DF8F74C1F83966454 /* CalendarViewModel.swift */,
				BC08D239C5EF4E6285E2AD7B /* BookingViewModel.swift */,
				79AE71BC071D4EB190005B9F /* AppointmentDetailViewModel.swift */,
				3F4F8A0508134E4DB3286777 /* AdminDashboardViewModel.swift */,
				B4563BDB6F7042E499EB3853 /* AdminSlotsViewModel.swift */,
			);
			path = ViewModels;
			sourceTree = "<group>";
		};
		CB007E1724964546A7568816 /* Views */ = {
			isa = PBXGroup;
			children = (
				5AFCE3BE0D8044FEA36E8F7F /* Auth */,
				38D3128835A94107833BDDC9 /* Client */,
				0CB900F952EA4A3BA39514C9 /* Admin */,
			);
			path = Views;
			sourceTree = "<group>";
		};
		5AFCE3BE0D8044FEA36E8F7F /* Auth */ = {
			isa = PBXGroup;
			children = (
				09208C59DE824086AE309367 /* LoginView.swift */,
				1B45FCA970814885A4A11B28 /* SMSVerificationView.swift */,
				40E95A189C9442398DD63974 /* AdminLoginView.swift */,
			);
			path = Auth;
			sourceTree = "<group>";
		};
		38D3128835A94107833BDDC9 /* Client */ = {
			isa = PBXGroup;
			children = (
				24CF389DD47242848278A73F /* ClientHomeView.swift */,
				65DB6E6013B944888B3C5C37 /* CalendarView.swift */,
				6DA9872C83744E0087587A5A /* TimeSlotPickerView.swift */,
				0F656C0D10CD44F8B6CCB174 /* BookingFormView.swift */,
				77D554C9EDE5432FA37AD4DC /* AppointmentDetailView.swift */,
			);
			path = Client;
			sourceTree = "<group>";
		};
		0CB900F952EA4A3BA39514C9 /* Admin */ = {
			isa = PBXGroup;
			children = (
				21053B5F35014978B24C4669 /* AdminDashboardView.swift */,
				91E16BCB9B794CD79F269176 /* AdminSlotManagerView.swift */,
				A8868B41ED19493D93A39F32 /* AdminAppointmentDetailView.swift */,
			);
			path = Admin;
			sourceTree = "<group>";
		};
/* End PBXGroup section */

/* Begin PBXNativeTarget section */
		72C1E2001EBF4FC7BF5C6FB2 /* detailsMatter */ = {
			isa = PBXNativeTarget;
			buildConfigurationList = B7EC2477F60C4C248C6448B9 /* Build configuration list for PBXNativeTarget "detailsMatter" */;
			buildPhases = (
				C9ACFEAC12884E9CB3283471 /* Sources */,
				756425077D0849FA9F21DABB /* Frameworks */,
				B8689215B55949B0A780D2B4 /* Resources */,
			);
			buildRules = ();
			dependencies = ();
			name = detailsMatter;
			packageProductDependencies = (
				C6AB5A2D463A4A84AF34C471 /* FirebaseAuth */,
				5E35B570CAAF4B949A9FEC54 /* FirebaseFirestore */,
			);
			productName = detailsMatter;
			productReference = 53E918BB9E5B4BAE914C888C /* detailsMatter.app */;
			productType = "com.apple.product-type.application";
		};
/* End PBXNativeTarget section */

/* Begin PBXProject section */
		9609C682D6184F4E962B939F /* Project object */ = {
			isa = PBXProject;
			attributes = {
				BuildIndependentTargetsInParallel = 1;
				LastSwiftUpdateCheck = 1630;
				LastUpgradeCheck = 1630;
				TargetAttributes = {
					72C1E2001EBF4FC7BF5C6FB2 = {
						CreatedOnToolsVersion = 16.3;
					};
				};
			};
			buildConfigurationList = 6BEC512C56D14A7EB91D156E /* Build configuration list for PBXProject "detailsMatter" */;
			compatibilityVersion = "Xcode 14.0";
			developmentRegion = en;
			hasScannedForEncodings = 0;
			knownRegions = (
				en,
				Base,
			);
			mainGroup = 1968DEC4E0364909B82FAD05;
			packageReferences = (
				F3439949493A450B8A70BF11 /* XCRemoteSwiftPackageReference "firebase-ios-sdk" */,
			);
			productRefGroup = 018091DE8EE44D3799128206 /* Products */;
			projectDirPath = "";
			projectRoot = "";
			targets = (
				72C1E2001EBF4FC7BF5C6FB2 /* detailsMatter */,
			);
		};
/* End PBXProject section */

/* Begin PBXResourcesBuildPhase section */
		B8689215B55949B0A780D2B4 /* Resources */ = {
			isa = PBXResourcesBuildPhase;
			buildActionMask = 2147483647;
			files = (
				FADD30A9C02C4E398A96F78F /* Assets.xcassets in Resources */,
				C3CAE3FD2B1742EAA6B96DBA /* GoogleService-Info.plist in Resources */,
			);
			runOnlyForDeploymentPostprocessing = 0;
		};
/* End PBXResourcesBuildPhase section */

/* Begin PBXSourcesBuildPhase section */
		C9ACFEAC12884E9CB3283471 /* Sources */ = {
			isa = PBXSourcesBuildPhase;
			buildActionMask = 2147483647;
			files = (
				8D0A01DA01364361BBDB3D8C /* detailsMatterApp.swift in Sources */,
				8056AD97CEA04DF0B913A5A4 /* ContentView.swift in Sources */,
				98FEA263E62248BCA445E9D9 /* SharedComponents.swift in Sources */,
				035C109EA18B418E86BC7AC6 /* DMUser.swift in Sources */,
				257C6B9F92BA42B2B7521ED4 /* Appointment.swift in Sources */,
				8D22C5FEA6F9405FAF998C20 /* TimeSlot.swift in Sources */,
				224BD7F953BC410F886F3552 /* DetailService.swift in Sources */,
				1ABA72F5F5434DBD9055E6A1 /* VehicleInfo.swift in Sources */,
				D97E2B67954D4A399EA9326F /* AuthService.swift in Sources */,
				2206061E6FCA481ABD7A75CD /* FirestoreService.swift in Sources */,
				FDA4551BBA834A248CBCEFAD /* DemoData.swift in Sources */,
				1F72494953D042358C4DA9C6 /* AuthViewModel.swift in Sources */,
				CA50AB6DD42A4663B34001A1 /* ClientHomeViewModel.swift in Sources */,
				874CB63EE1284C54BE07313C /* CalendarViewModel.swift in Sources */,
				F071D7B176A247589E8FEFD2 /* BookingViewModel.swift in Sources */,
				AF0C5B72269B4474916D8802 /* AppointmentDetailViewModel.swift in Sources */,
				FDFDAF5C430840EB916019C6 /* AdminDashboardViewModel.swift in Sources */,
				87DE351F17C643559310CCD6 /* AdminSlotsViewModel.swift in Sources */,
				E398A72F005A41ED843D5E06 /* LoginView.swift in Sources */,
				7B4D386F66E54080A9F3622A /* SMSVerificationView.swift in Sources */,
				624E620021164C1191C4ACB2 /* AdminLoginView.swift in Sources */,
				DEC4FD6AC0E744EB922F62B2 /* ClientHomeView.swift in Sources */,
				20B2B21FCBAC497CAA5D4899 /* CalendarView.swift in Sources */,
				D58C2A3385864051BB5C8C86 /* TimeSlotPickerView.swift in Sources */,
				C475E8594AFE487A91F1B5FF /* BookingFormView.swift in Sources */,
				4A998613F9054DE0B6932F70 /* AppointmentDetailView.swift in Sources */,
				01F177B6E42B44B3ABA3FEF4 /* AdminDashboardView.swift in Sources */,
				B273C04E720E4989AF32E70E /* AdminSlotManagerView.swift in Sources */,
				D944EB721FD2491EA14928ED /* AdminAppointmentDetailView.swift in Sources */,
			);
			runOnlyForDeploymentPostprocessing = 0;
		};
/* End PBXSourcesBuildPhase section */

/* Begin XCBuildConfiguration section */
		39F47B4F997A4EFFB4DA0882 /* Debug */ = {
			isa = XCBuildConfiguration;
			buildSettings = {
				ALWAYS_SEARCH_USER_PATHS = NO;
				CLANG_ANALYZER_NONNULL = YES;
				CLANG_ANALYZER_NUMBER_OBJECT_CONVERSION = YES_AGGRESSIVE;
				CLANG_CXX_LANGUAGE_STANDARD = "gnu++20";
				CLANG_ENABLE_MODULES = YES;
				CLANG_ENABLE_OBJC_ARC = YES;
				CLANG_ENABLE_OBJC_WEAK = YES;
				CLANG_WARN_BLOCK_CAPTURE_AUTORELEASING = YES;
				CLANG_WARN_BOOL_CONVERSION = YES;
				CLANG_WARN_COMMA = YES;
				CLANG_WARN_CONSTANT_CONVERSION = YES;
				CLANG_WARN_DEPRECATED_OBJC_IMPLEMENTATIONS = YES;
				CLANG_WARN_DIRECT_OBJC_ISA_USAGE = YES_ERROR;
				CLANG_WARN_DOCUMENTATION_COMMENTS = YES;
				CLANG_WARN_EMPTY_BODY = YES;
				CLANG_WARN_ENUM_CONVERSION = YES;
				CLANG_WARN_INFINITE_RECURSION = YES;
				CLANG_WARN_INT_CONVERSION = YES;
				CLANG_WARN_NON_LITERAL_NULL_CONVERSION = YES;
				CLANG_WARN_OBJC_IMPLICIT_RETAIN_CYCLE = YES;
				CLANG_WARN_OBJC_LITERAL_CONVERSION = YES;
				CLANG_WARN_OBJC_ROOT_CLASS = YES_ERROR;
				CLANG_WARN_QUOTED_INCLUDE_IN_FRAMEWORK_HEADER = YES;
				CLANG_WARN_RANGE_LOOP_ANALYSIS = YES;
				CLANG_WARN_STRICT_PROTOTYPES = YES;
				CLANG_WARN_SUSPICIOUS_MOVE = YES;
				CLANG_WARN_UNGUARDED_AVAILABILITY = YES_AGGRESSIVE;
				CLANG_WARN_UNREACHABLE_CODE = YES;
				CLANG_WARN__DUPLICATE_METHOD_MATCH = YES;
				COPY_PHASE_STRIP = NO;
				DEBUG_INFORMATION_FORMAT = dwarf;
				ENABLE_STRICT_OBJC_MSGSEND = YES;
				ENABLE_TESTABILITY = YES;
				ENABLE_USER_SCRIPT_SANDBOXING = YES;
				GCC_C_LANGUAGE_STANDARD = gnu17;
				GCC_DYNAMIC_NO_PIC = NO;
				GCC_NO_COMMON_BLOCKS = YES;
				GCC_OPTIMIZATION_LEVEL = 0;
				GCC_PREPROCESSOR_DEFINITIONS = (
					"DEBUG=1",
					"$(inherited)",
				);
				GCC_WARN_64_TO_32_BIT_CONVERSION = YES;
				GCC_WARN_ABOUT_RETURN_TYPE = YES_ERROR;
				GCC_WARN_UNDECLARED_SELECTOR = YES;
				GCC_WARN_UNINITIALIZED_AUTOS = YES_AGGRESSIVE;
				GCC_WARN_UNUSED_FUNCTION = YES;
				GCC_WARN_UNUSED_VARIABLE = YES;
				IPHONEOS_DEPLOYMENT_TARGET = 17.0;
				MTL_ENABLE_DEBUG_INFO = INCLUDE_SOURCE;
				MTL_FAST_MATH = YES;
				ONLY_ACTIVE_ARCH = YES;
				SDKROOT = iphoneos;
				SWIFT_ACTIVE_COMPILATION_CONDITIONS = "DEBUG DEMO_MODE";
				SWIFT_OPTIMIZATION_LEVEL = "-Onone";
			};
			name = Debug;
		};
		BD349823C0BC4B8C9BF01341 /* Release */ = {
			isa = XCBuildConfiguration;
			buildSettings = {
				ALWAYS_SEARCH_USER_PATHS = NO;
				CLANG_ANALYZER_NONNULL = YES;
				CLANG_ANALYZER_NUMBER_OBJECT_CONVERSION = YES_AGGRESSIVE;
				CLANG_CXX_LANGUAGE_STANDARD = "gnu++20";
				CLANG_ENABLE_MODULES = YES;
				CLANG_ENABLE_OBJC_ARC = YES;
				CLANG_ENABLE_OBJC_WEAK = YES;
				COPY_PHASE_STRIP = NO;
				DEBUG_INFORMATION_FORMAT = "dwarf-with-dsym";
				ENABLE_NS_ASSERTIONS = NO;
				ENABLE_STRICT_OBJC_MSGSEND = YES;
				ENABLE_USER_SCRIPT_SANDBOXING = YES;
				GCC_C_LANGUAGE_STANDARD = gnu17;
				GCC_NO_COMMON_BLOCKS = YES;
				GCC_WARN_64_TO_32_BIT_CONVERSION = YES;
				GCC_WARN_ABOUT_RETURN_TYPE = YES_ERROR;
				GCC_WARN_UNDECLARED_SELECTOR = YES;
				GCC_WARN_UNINITIALIZED_AUTOS = YES_AGGRESSIVE;
				GCC_WARN_UNUSED_FUNCTION = YES;
				GCC_WARN_UNUSED_VARIABLE = YES;
				IPHONEOS_DEPLOYMENT_TARGET = 17.0;
				MTL_FAST_MATH = YES;
				SDKROOT = iphoneos;
				SWIFT_COMPILATION_MODE = wholemodule;
				VALIDATE_PRODUCT = YES;
			};
			name = Release;
		};
		54A77E21297A46DA98E8D1BD /* Debug */ = {
			isa = XCBuildConfiguration;
			buildSettings = {
				ASSTCATALOG_COMPILER_APPICON_NAME = AppIcon;
				ASSTCATALOG_COMPILER_GLOBAL_ACCENT_COLOR_NAME = AccentColor;
				CODE_SIGN_STYLE = Automatic;
				CURRENT_PROJECT_VERSION = 1;
				DEVELOPMENT_ASSET_PATHS = "\"detailsMatter/Preview Content\"";
				ENABLE_PREVIEWS = YES;
				GENERATE_INFOPLIST_FILE = YES;
				INFOPLIST_KEY_UIApplicationSceneManifest_Generation = YES;
				INFOPLIST_KEY_UIApplicationSupportsIndirectInputEvents = YES;
				INFOPLIST_KEY_UILaunchScreen_Generation = YES;
				INFOPLIST_KEY_UISupportedInterfaceOrientations_iPad = "UIInterfaceOrientationPortrait UIInterfaceOrientationPortraitUpsideDown UIInterfaceOrientationLandscapeLeft UIInterfaceOrientationLandscapeRight";
				INFOPLIST_KEY_UISupportedInterfaceOrientations_iPhone = "UIInterfaceOrientationPortrait UIInterfaceOrientationLandscapeLeft UIInterfaceOrientationLandscapeRight";
				IPHONEOS_DEPLOYMENT_TARGET = 17.0;
				LD_RUNPATH_SEARCH_PATHS = (
					"$(inherited)",
					"@executable_path/Frameworks",
				);
				MARKETING_VERSION = 1.0;
				OTHER_LDFLAGS = (
					"$(inherited)",
					"-ObjC",
				);
				PRODUCT_BUNDLE_IDENTIFIER = com.detailsMatter.app;
				PRODUCT_NAME = "$(TARGET_NAME)";
				SWIFT_EMIT_LOC_STRINGS = YES;
				SWIFT_VERSION = 5.0;
				TARGETED_DEVICE_FAMILY = "1,2";
			};
			name = Debug;
		};
		8DE4E48C96D847E8A19D2A1C /* Release */ = {
			isa = XCBuildConfiguration;
			buildSettings = {
				ASSTCATALOG_COMPILER_APPICON_NAME = AppIcon;
				ASSTCATALOG_COMPILER_GLOBAL_ACCENT_COLOR_NAME = AccentColor;
				CODE_SIGN_STYLE = Automatic;
				CURRENT_PROJECT_VERSION = 1;
				DEVELOPMENT_ASSET_PATHS = "\"detailsMatter/Preview Content\"";
				ENABLE_PREVIEWS = YES;
				GENERATE_INFOPLIST_FILE = YES;
				INFOPLIST_KEY_UIApplicationSceneManifest_Generation = YES;
				INFOPLIST_KEY_UIApplicationSupportsIndirectInputEvents = YES;
				INFOPLIST_KEY_UILaunchScreen_Generation = YES;
				INFOPLIST_KEY_UISupportedInterfaceOrientations_iPad = "UIInterfaceOrientationPortrait UIInterfaceOrientationPortraitUpsideDown UIInterfaceOrientationLandscapeLeft UIInterfaceOrientationLandscapeRight";
				INFOPLIST_KEY_UISupportedInterfaceOrientations_iPhone = "UIInterfaceOrientationPortrait UIInterfaceOrientationLandscapeLeft UIInterfaceOrientationLandscapeRight";
				IPHONEOS_DEPLOYMENT_TARGET = 17.0;
				LD_RUNPATH_SEARCH_PATHS = (
					"$(inherited)",
					"@executable_path/Frameworks",
				);
				MARKETING_VERSION = 1.0;
				OTHER_LDFLAGS = (
					"$(inherited)",
					"-ObjC",
				);
				PRODUCT_BUNDLE_IDENTIFIER = com.detailsMatter.app;
				PRODUCT_NAME = "$(TARGET_NAME)";
				SWIFT_EMIT_LOC_STRINGS = YES;
				SWIFT_VERSION = 5.0;
				TARGETED_DEVICE_FAMILY = "1,2";
			};
			name = Release;
		};
/* End XCBuildConfiguration section */

/* Begin XCConfigurationList section */
		6BEC512C56D14A7EB91D156E /* Build configuration list for PBXProject "detailsMatter" */ = {
			isa = XCConfigurationList;
			buildConfigurations = (
				39F47B4F997A4EFFB4DA0882 /* Debug */,
				BD349823C0BC4B8C9BF01341 /* Release */,
			);
			defaultConfigurationIsVisible = 0;
			defaultConfigurationName = Release;
		};
		B7EC2477F60C4C248C6448B9 /* Build configuration list for PBXNativeTarget "detailsMatter" */ = {
			isa = XCConfigurationList;
			buildConfigurations = (
				54A77E21297A46DA98E8D1BD /* Debug */,
				8DE4E48C96D847E8A19D2A1C /* Release */,
			);
			defaultConfigurationIsVisible = 0;
			defaultConfigurationName = Release;
		};
/* End XCConfigurationList section */

/* Begin XCRemoteSwiftPackageReference section */
		F3439949493A450B8A70BF11 /* XCRemoteSwiftPackageReference "firebase-ios-sdk" */ = {
			isa = XCRemoteSwiftPackageReference;
			repositoryURL = "https://github.com/firebase/firebase-ios-sdk";
			requirement = {
				kind = upToNextMajorVersion;
				minimumVersion = 11.0.0;
			};
		};
/* End XCRemoteSwiftPackageReference section */

/* Begin XCSwiftPackageProductDependency section */
		C6AB5A2D463A4A84AF34C471 /* FirebaseAuth */ = {
			isa = XCSwiftPackageProductDependency;
			package = F3439949493A450B8A70BF11 /* XCRemoteSwiftPackageReference "firebase-ios-sdk" */;
			productName = FirebaseAuth;
		};
		5E35B570CAAF4B949A9FEC54 /* FirebaseFirestore */ = {
			isa = XCSwiftPackageProductDependency;
			package = F3439949493A450B8A70BF11 /* XCRemoteSwiftPackageReference "firebase-ios-sdk" */;
			productName = FirebaseFirestore;
		};
/* End XCSwiftPackageProductDependency section */

	};
	rootObject = 9609C682D6184F4E962B939F /* Project object */;
}
