// !$*UTF8*$!
{
	archiveVersion = 1;
	classes = {};
	objectVersion = 77;
	objects = {

/* Begin PBXBuildFile section */
		27B92968CBA9430B90CB052B /* detailsMatterApp.swift in Sources */ = {isa = PBXBuildFile; fileRef = 8260D7555B924C83ADF41E66 /* detailsMatterApp.swift */; };
		B58405E506FF4B77823559CB /* ContentView.swift in Sources */ = {isa = PBXBuildFile; fileRef = A05347B8A592470E9B2420A4 /* ContentView.swift */; };
		788DBE85959B44B693E12274 /* SharedComponents.swift in Sources */ = {isa = PBXBuildFile; fileRef = 98DA5A9A01E148718FFFAECA /* SharedComponents.swift */; };
		3AD437E40AF6418A92D3AC77 /* DMUser.swift in Sources */ = {isa = PBXBuildFile; fileRef = 4D949570E5DA41618B63D6D7 /* DMUser.swift */; };
		32D9E19771DB46AEAD75157A /* Appointment.swift in Sources */ = {isa = PBXBuildFile; fileRef = C144C4B0ED604E42B94B94CC /* Appointment.swift */; };
		809240AAEB424D4CA80AA0AE /* TimeSlot.swift in Sources */ = {isa = PBXBuildFile; fileRef = A5B749EF26A8467F90A23744 /* TimeSlot.swift */; };
		142F4DB906804EECB1365B12 /* DetailService.swift in Sources */ = {isa = PBXBuildFile; fileRef = 10BB74F94A9E4EEA85CF51F3 /* DetailService.swift */; };
		B564030A36A44C2FA679560D /* VehicleInfo.swift in Sources */ = {isa = PBXBuildFile; fileRef = B16A7DD7B913441C96434810 /* VehicleInfo.swift */; };
		42A2D96DF3F14F019C43231D /* AuthService.swift in Sources */ = {isa = PBXBuildFile; fileRef = 3F6FC433395F4BBD90E4DDFC /* AuthService.swift */; };
		F720308B1833468F8D6F0F71 /* FirestoreService.swift in Sources */ = {isa = PBXBuildFile; fileRef = AB36AF1240EE468C8D1BD8C6 /* FirestoreService.swift */; };
		4D4B66F055EE4F809AE90982 /* DemoData.swift in Sources */ = {isa = PBXBuildFile; fileRef = 96115744C452460794C43127 /* DemoData.swift */; };
		E4CAF70479D64C7CA750E1CB /* AuthViewModel.swift in Sources */ = {isa = PBXBuildFile; fileRef = 2865836CB5A44813A0571D79 /* AuthViewModel.swift */; };
		1A1F98894F6D4F8293731D99 /* ClientHomeViewModel.swift in Sources */ = {isa = PBXBuildFile; fileRef = 9FED399DFC0343D692E01BE7 /* ClientHomeViewModel.swift */; };
		88392A480B73451B88D9D032 /* CalendarViewModel.swift in Sources */ = {isa = PBXBuildFile; fileRef = 7E81F2EAAE6145818E5E8716 /* CalendarViewModel.swift */; };
		9AAEAAD221A24CA5B827FFF1 /* BookingViewModel.swift in Sources */ = {isa = PBXBuildFile; fileRef = A2922643ADA145A196E0BA20 /* BookingViewModel.swift */; };
		2C1E5007A2A349CDADF53E07 /* AppointmentDetailViewModel.swift in Sources */ = {isa = PBXBuildFile; fileRef = 57A9F85BCAF846338CE94184 /* AppointmentDetailViewModel.swift */; };
		8E30436CDE2B441989B3BC85 /* AdminDashboardViewModel.swift in Sources */ = {isa = PBXBuildFile; fileRef = BF972F860C46400BBC16A25C /* AdminDashboardViewModel.swift */; };
		DCB6CD8CAFC24FAD93F0BD32 /* AdminSlotsViewModel.swift in Sources */ = {isa = PBXBuildFile; fileRef = A5B746A668CB4FEAB882BB60 /* AdminSlotsViewModel.swift */; };
		2E8D5A6459854084979CCD70 /* LoginView.swift in Sources */ = {isa = PBXBuildFile; fileRef = 3DF715B6F1C24F67BAC2C231 /* LoginView.swift */; };
		1CFEF32C828C4A74AC424C86 /* SMSVerificationView.swift in Sources */ = {isa = PBXBuildFile; fileRef = D50E02C3663E499EB8EB7CF2 /* SMSVerificationView.swift */; };
		32D47602ACB44314AF272294 /* AdminLoginView.swift in Sources */ = {isa = PBXBuildFile; fileRef = 06B0C2532E21440F92016C43 /* AdminLoginView.swift */; };
		F642DA02764945C89AF159F3 /* ClientHomeView.swift in Sources */ = {isa = PBXBuildFile; fileRef = 588CA01389974F3F8EFAFBCD /* ClientHomeView.swift */; };
		0D4036E5DF2E42C9A8763B92 /* CalendarView.swift in Sources */ = {isa = PBXBuildFile; fileRef = 2EC5702711F4467ABA9F38F3 /* CalendarView.swift */; };
		D97C87D6CBC24DD59A9E6F57 /* TimeSlotPickerView.swift in Sources */ = {isa = PBXBuildFile; fileRef = 61D694640B634A0FBE3155F8 /* TimeSlotPickerView.swift */; };
		362697DACE34498E951DB5A4 /* BookingFormView.swift in Sources */ = {isa = PBXBuildFile; fileRef = C5C3631B509B431082C89159 /* BookingFormView.swift */; };
		D98BD6E5BF0C474DB2FE9ACC /* AppointmentDetailView.swift in Sources */ = {isa = PBXBuildFile; fileRef = 2FABEFADE5064E558DF6E1E7 /* AppointmentDetailView.swift */; };
		317075A327584298ABE9E847 /* AdminDashboardView.swift in Sources */ = {isa = PBXBuildFile; fileRef = C100E88EA5F146968B0BF8E7 /* AdminDashboardView.swift */; };
		42160E51948249B1A75D0DCE /* AdminSlotManagerView.swift in Sources */ = {isa = PBXBuildFile; fileRef = AB16FF31C7E443F2B7A4858D /* AdminSlotManagerView.swift */; };
		D1F4CCC4DE264331A64B4062 /* AdminAppointmentDetailView.swift in Sources */ = {isa = PBXBuildFile; fileRef = D06C7FBD8E20400D8272243F /* AdminAppointmentDetailView.swift */; };
		4167FE8B3036426DA53087B6 /* Assets.xcassets in Resources */ = {isa = PBXBuildFile; fileRef = E9DFFC35112B47808CC092DD /* Assets.xcassets */; };
		EAD9C0B0D445438EBFFA17C6 /* GoogleService-Info.plist in Resources */ = {isa = PBXBuildFile; fileRef = C738B2F04E9F4181AA3B87CE /* GoogleService-Info.plist */; };
		D71E0F1F6D1A40199E8C5736 /* FirebaseAuth in Frameworks */ = {isa = PBXBuildFile; productRef = 9F10040088E14723B85FF372 /* FirebaseAuth */; };
		21FF4EE0645A4078BC1B7C26 /* FirebaseFirestore in Frameworks */ = {isa = PBXBuildFile; productRef = 69E01167B85F4B32839D12CF /* FirebaseFirestore */; };
/* End PBXBuildFile section */

/* Begin PBXFileReference section */
		8260D7555B924C83ADF41E66 /* detailsMatterApp.swift */ = {isa = PBXFileReference; lastKnownFileType = sourcecode.swift; path = detailsMatterApp.swift; sourceTree = "<group>"; };
		A05347B8A592470E9B2420A4 /* ContentView.swift */ = {isa = PBXFileReference; lastKnownFileType = sourcecode.swift; path = ContentView.swift; sourceTree = "<group>"; };
		98DA5A9A01E148718FFFAECA /* SharedComponents.swift */ = {isa = PBXFileReference; lastKnownFileType = sourcecode.swift; path = SharedComponents.swift; sourceTree = "<group>"; };
		4D949570E5DA41618B63D6D7 /* DMUser.swift */ = {isa = PBXFileReference; lastKnownFileType = sourcecode.swift; path = DMUser.swift; sourceTree = "<group>"; };
		C144C4B0ED604E42B94B94CC /* Appointment.swift */ = {isa = PBXFileReference; lastKnownFileType = sourcecode.swift; path = Appointment.swift; sourceTree = "<group>"; };
		A5B749EF26A8467F90A23744 /* TimeSlot.swift */ = {isa = PBXFileReference; lastKnownFileType = sourcecode.swift; path = TimeSlot.swift; sourceTree = "<group>"; };
		10BB74F94A9E4EEA85CF51F3 /* DetailService.swift */ = {isa = PBXFileReference; lastKnownFileType = sourcecode.swift; path = DetailService.swift; sourceTree = "<group>"; };
		B16A7DD7B913441C96434810 /* VehicleInfo.swift */ = {isa = PBXFileReference; lastKnownFileType = sourcecode.swift; path = VehicleInfo.swift; sourceTree = "<group>"; };
		3F6FC433395F4BBD90E4DDFC /* AuthService.swift */ = {isa = PBXFileReference; lastKnownFileType = sourcecode.swift; path = AuthService.swift; sourceTree = "<group>"; };
		AB36AF1240EE468C8D1BD8C6 /* FirestoreService.swift */ = {isa = PBXFileReference; lastKnownFileType = sourcecode.swift; path = FirestoreService.swift; sourceTree = "<group>"; };
		96115744C452460794C43127 /* DemoData.swift */ = {isa = PBXFileReference; lastKnownFileType = sourcecode.swift; path = DemoData.swift; sourceTree = "<group>"; };
		2865836CB5A44813A0571D79 /* AuthViewModel.swift */ = {isa = PBXFileReference; lastKnownFileType = sourcecode.swift; path = AuthViewModel.swift; sourceTree = "<group>"; };
		9FED399DFC0343D692E01BE7 /* ClientHomeViewModel.swift */ = {isa = PBXFileReference; lastKnownFileType = sourcecode.swift; path = ClientHomeViewModel.swift; sourceTree = "<group>"; };
		7E81F2EAAE6145818E5E8716 /* CalendarViewModel.swift */ = {isa = PBXFileReference; lastKnownFileType = sourcecode.swift; path = CalendarViewModel.swift; sourceTree = "<group>"; };
		A2922643ADA145A196E0BA20 /* BookingViewModel.swift */ = {isa = PBXFileReference; lastKnownFileType = sourcecode.swift; path = BookingViewModel.swift; sourceTree = "<group>"; };
		57A9F85BCAF846338CE94184 /* AppointmentDetailViewModel.swift */ = {isa = PBXFileReference; lastKnownFileType = sourcecode.swift; path = AppointmentDetailViewModel.swift; sourceTree = "<group>"; };
		BF972F860C46400BBC16A25C /* AdminDashboardViewModel.swift */ = {isa = PBXFileReference; lastKnownFileType = sourcecode.swift; path = AdminDashboardViewModel.swift; sourceTree = "<group>"; };
		A5B746A668CB4FEAB882BB60 /* AdminSlotsViewModel.swift */ = {isa = PBXFileReference; lastKnownFileType = sourcecode.swift; path = AdminSlotsViewModel.swift; sourceTree = "<group>"; };
		3DF715B6F1C24F67BAC2C231 /* LoginView.swift */ = {isa = PBXFileReference; lastKnownFileType = sourcecode.swift; path = LoginView.swift; sourceTree = "<group>"; };
		D50E02C3663E499EB8EB7CF2 /* SMSVerificationView.swift */ = {isa = PBXFileReference; lastKnownFileType = sourcecode.swift; path = SMSVerificationView.swift; sourceTree = "<group>"; };
		06B0C2532E21440F92016C43 /* AdminLoginView.swift */ = {isa = PBXFileReference; lastKnownFileType = sourcecode.swift; path = AdminLoginView.swift; sourceTree = "<group>"; };
		588CA01389974F3F8EFAFBCD /* ClientHomeView.swift */ = {isa = PBXFileReference; lastKnownFileType = sourcecode.swift; path = ClientHomeView.swift; sourceTree = "<group>"; };
		2EC5702711F4467ABA9F38F3 /* CalendarView.swift */ = {isa = PBXFileReference; lastKnownFileType = sourcecode.swift; path = CalendarView.swift; sourceTree = "<group>"; };
		61D694640B634A0FBE3155F8 /* TimeSlotPickerView.swift */ = {isa = PBXFileReference; lastKnownFileType = sourcecode.swift; path = TimeSlotPickerView.swift; sourceTree = "<group>"; };
		C5C3631B509B431082C89159 /* BookingFormView.swift */ = {isa = PBXFileReference; lastKnownFileType = sourcecode.swift; path = BookingFormView.swift; sourceTree = "<group>"; };
		2FABEFADE5064E558DF6E1E7 /* AppointmentDetailView.swift */ = {isa = PBXFileReference; lastKnownFileType = sourcecode.swift; path = AppointmentDetailView.swift; sourceTree = "<group>"; };
		C100E88EA5F146968B0BF8E7 /* AdminDashboardView.swift */ = {isa = PBXFileReference; lastKnownFileType = sourcecode.swift; path = AdminDashboardView.swift; sourceTree = "<group>"; };
		AB16FF31C7E443F2B7A4858D /* AdminSlotManagerView.swift */ = {isa = PBXFileReference; lastKnownFileType = sourcecode.swift; path = AdminSlotManagerView.swift; sourceTree = "<group>"; };
		D06C7FBD8E20400D8272243F /* AdminAppointmentDetailView.swift */ = {isa = PBXFileReference; lastKnownFileType = sourcecode.swift; path = AdminAppointmentDetailView.swift; sourceTree = "<group>"; };
		E9DFFC35112B47808CC092DD /* Assets.xcassets */ = {isa = PBXFileReference; lastKnownFileType = folder.assetcatalog; path = Assets.xcassets; sourceTree = "<group>"; };
		C738B2F04E9F4181AA3B87CE /* GoogleService-Info.plist */ = {isa = PBXFileReference; lastKnownFileType = text.plist.xml; path = "GoogleService-Info.plist"; sourceTree = "<group>"; };
		C6B128147D994E929BBCCF47 /* Preview Content */ = {isa = PBXFileReference; lastKnownFileType = folder; path = "Preview Content"; sourceTree = "<group>"; };
		F2CD0F63357141CC856A9DDB /* detailsMatter.app */ = {isa = PBXFileReference; explicitFileType = wrapper.application; includeInIndex = 0; path = detailsMatter.app; sourceTree = BUILT_PRODUCTS_DIR; };
/* End PBXFileReference section */

/* Begin PBXFrameworksBuildPhase section */
		F1792107EDD8402EB0B19AFE /* Frameworks */ = {
			isa = PBXFrameworksBuildPhase;
			buildActionMask = 2147483647;
			files = (
				D71E0F1F6D1A40199E8C5736 /* FirebaseAuth in Frameworks */,
				21FF4EE0645A4078BC1B7C26 /* FirebaseFirestore in Frameworks */,
			);
			runOnlyForDeploymentPostprocessing = 0;
		};
/* End PBXFrameworksBuildPhase section */

/* Begin PBXGroup section */
		3D61F93FBBCA457981019848 = {
			isa = PBXGroup;
			children = (
				67F78A09434F4FB8A3478241 /* detailsMatter */,
				FF25060050BB4E1285A64831 /* Products */,
			);
			sourceTree = "<group>";
		};
		FF25060050BB4E1285A64831 /* Products */ = {
			isa = PBXGroup;
			children = (
				F2CD0F63357141CC856A9DDB /* detailsMatter.app */,
			);
			name = Products;
			sourceTree = "<group>";
		};
		67F78A09434F4FB8A3478241 /* detailsMatter */ = {
			isa = PBXGroup;
			children = (
				8260D7555B924C83ADF41E66 /* detailsMatterApp.swift */,
				A05347B8A592470E9B2420A4 /* ContentView.swift */,
				98DA5A9A01E148718FFFAECA /* SharedComponents.swift */,
				5FF91BAB5A654280976F3A01 /* Models */,
				CBDDE711CB0847DFBDBDDC43 /* Services */,
				D3D2C99C73E849A882ABB4C0 /* ViewModels */,
				4F329214EA364585B033E8A6 /* Views */,
				C738B2F04E9F4181AA3B87CE /* GoogleService-Info.plist */,
				E9DFFC35112B47808CC092DD /* Assets.xcassets */,
				C6B128147D994E929BBCCF47 /* Preview Content */,
			);
			path = detailsMatter;
			sourceTree = "<group>";
		};
		5FF91BAB5A654280976F3A01 /* Models */ = {
			isa = PBXGroup;
			children = (
				4D949570E5DA41618B63D6D7 /* DMUser.swift */,
				C144C4B0ED604E42B94B94CC /* Appointment.swift */,
				A5B749EF26A8467F90A23744 /* TimeSlot.swift */,
				10BB74F94A9E4EEA85CF51F3 /* DetailService.swift */,
				B16A7DD7B913441C96434810 /* VehicleInfo.swift */,
			);
			path = Models;
			sourceTree = "<group>";
		};
		CBDDE711CB0847DFBDBDDC43 /* Services */ = {
			isa = PBXGroup;
			children = (
				3F6FC433395F4BBD90E4DDFC /* AuthService.swift */,
				AB36AF1240EE468C8D1BD8C6 /* FirestoreService.swift */,
				96115744C452460794C43127 /* DemoData.swift */,
			);
			path = Services;
			sourceTree = "<group>";
		};
		D3D2C99C73E849A882ABB4C0 /* ViewModels */ = {
			isa = PBXGroup;
			children = (
				2865836CB5A44813A0571D79 /* AuthViewModel.swift */,
				9FED399DFC0343D692E01BE7 /* ClientHomeViewModel.swift */,
				7E81F2EAAE6145818E5E8716 /* CalendarViewModel.swift */,
				A2922643ADA145A196E0BA20 /* BookingViewModel.swift */,
				57A9F85BCAF846338CE94184 /* AppointmentDetailViewModel.swift */,
				BF972F860C46400BBC16A25C /* AdminDashboardViewModel.swift */,
				A5B746A668CB4FEAB882BB60 /* AdminSlotsViewModel.swift */,
			);
			path = ViewModels;
			sourceTree = "<group>";
		};
		4F329214EA364585B033E8A6 /* Views */ = {
			isa = PBXGroup;
			children = (
				F35FBA5903A949F69BACC95C /* Auth */,
				4EC9C3ACBCE44F1EB41076AD /* Client */,
				6AFB334DF25F43ABA12FB549 /* Admin */,
			);
			path = Views;
			sourceTree = "<group>";
		};
		F35FBA5903A949F69BACC95C /* Auth */ = {
			isa = PBXGroup;
			children = (
				3DF715B6F1C24F67BAC2C231 /* LoginView.swift */,
				D50E02C3663E499EB8EB7CF2 /* SMSVerificationView.swift */,
				06B0C2532E21440F92016C43 /* AdminLoginView.swift */,
			);
			path = Auth;
			sourceTree = "<group>";
		};
		4EC9C3ACBCE44F1EB41076AD /* Client */ = {
			isa = PBXGroup;
			children = (
				588CA01389974F3F8EFAFBCD /* ClientHomeView.swift */,
				2EC5702711F4467ABA9F38F3 /* CalendarView.swift */,
				61D694640B634A0FBE3155F8 /* TimeSlotPickerView.swift */,
				C5C3631B509B431082C89159 /* BookingFormView.swift */,
				2FABEFADE5064E558DF6E1E7 /* AppointmentDetailView.swift */,
			);
			path = Client;
			sourceTree = "<group>";
		};
		6AFB334DF25F43ABA12FB549 /* Admin */ = {
			isa = PBXGroup;
			children = (
				C100E88EA5F146968B0BF8E7 /* AdminDashboardView.swift */,
				AB16FF31C7E443F2B7A4858D /* AdminSlotManagerView.swift */,
				D06C7FBD8E20400D8272243F /* AdminAppointmentDetailView.swift */,
			);
			path = Admin;
			sourceTree = "<group>";
		};
/* End PBXGroup section */

/* Begin PBXNativeTarget section */
		DA4AD4AE4C004B3188B4CDA4 /* detailsMatter */ = {
			isa = PBXNativeTarget;
			buildConfigurationList = 0BEB568684D74245BDA60E6C /* Build configuration list for PBXNativeTarget "detailsMatter" */;
			buildPhases = (
				98C4D1817DB24C088350651D /* Sources */,
				F1792107EDD8402EB0B19AFE /* Frameworks */,
				23659AEB194E491AB37495F8 /* Resources */,
			);
			buildRules = ();
			dependencies = ();
			name = detailsMatter;
			packageProductDependencies = (
				9F10040088E14723B85FF372 /* FirebaseAuth */,
				69E01167B85F4B32839D12CF /* FirebaseFirestore */,
			);
			productName = detailsMatter;
			productReference = F2CD0F63357141CC856A9DDB /* detailsMatter.app */;
			productType = "com.apple.product-type.application";
		};
/* End PBXNativeTarget section */

/* Begin PBXProject section */
		F196614262604E449BD6F8A3 /* Project object */ = {
			isa = PBXProject;
			attributes = {
				BuildIndependentTargetsInParallel = 1;
				LastSwiftUpdateCheck = 1630;
				LastUpgradeCheck = 1630;
				TargetAttributes = {
					DA4AD4AE4C004B3188B4CDA4 = {
						CreatedOnToolsVersion = 16.3;
					};
				};
			};
			buildConfigurationList = B16F83B9F5074806B58BBA08 /* Build configuration list for PBXProject "detailsMatter" */;
			compatibilityVersion = "Xcode 14.0";
			developmentRegion = en;
			hasScannedForEncodings = 0;
			knownRegions = (
				en,
				Base,
			);
			mainGroup = 3D61F93FBBCA457981019848;
			packageReferences = (
				B1BC527862124156B036F988 /* XCRemoteSwiftPackageReference "firebase-ios-sdk" */,
			);
			productRefGroup = FF25060050BB4E1285A64831 /* Products */;
			projectDirPath = "";
			projectRoot = "";
			targets = (
				DA4AD4AE4C004B3188B4CDA4 /* detailsMatter */,
			);
		};
/* End PBXProject section */

/* Begin PBXResourcesBuildPhase section */
		23659AEB194E491AB37495F8 /* Resources */ = {
			isa = PBXResourcesBuildPhase;
			buildActionMask = 2147483647;
			files = (
				4167FE8B3036426DA53087B6 /* Assets.xcassets in Resources */,
				EAD9C0B0D445438EBFFA17C6 /* GoogleService-Info.plist in Resources */,
			);
			runOnlyForDeploymentPostprocessing = 0;
		};
/* End PBXResourcesBuildPhase section */

/* Begin PBXSourcesBuildPhase section */
		98C4D1817DB24C088350651D /* Sources */ = {
			isa = PBXSourcesBuildPhase;
			buildActionMask = 2147483647;
			files = (
				27B92968CBA9430B90CB052B /* detailsMatterApp.swift in Sources */,
				B58405E506FF4B77823559CB /* ContentView.swift in Sources */,
				788DBE85959B44B693E12274 /* SharedComponents.swift in Sources */,
				3AD437E40AF6418A92D3AC77 /* DMUser.swift in Sources */,
				32D9E19771DB46AEAD75157A /* Appointment.swift in Sources */,
				809240AAEB424D4CA80AA0AE /* TimeSlot.swift in Sources */,
				142F4DB906804EECB1365B12 /* DetailService.swift in Sources */,
				B564030A36A44C2FA679560D /* VehicleInfo.swift in Sources */,
				42A2D96DF3F14F019C43231D /* AuthService.swift in Sources */,
				F720308B1833468F8D6F0F71 /* FirestoreService.swift in Sources */,
				4D4B66F055EE4F809AE90982 /* DemoData.swift in Sources */,
				E4CAF70479D64C7CA750E1CB /* AuthViewModel.swift in Sources */,
				1A1F98894F6D4F8293731D99 /* ClientHomeViewModel.swift in Sources */,
				88392A480B73451B88D9D032 /* CalendarViewModel.swift in Sources */,
				9AAEAAD221A24CA5B827FFF1 /* BookingViewModel.swift in Sources */,
				2C1E5007A2A349CDADF53E07 /* AppointmentDetailViewModel.swift in Sources */,
				8E30436CDE2B441989B3BC85 /* AdminDashboardViewModel.swift in Sources */,
				DCB6CD8CAFC24FAD93F0BD32 /* AdminSlotsViewModel.swift in Sources */,
				2E8D5A6459854084979CCD70 /* LoginView.swift in Sources */,
				1CFEF32C828C4A74AC424C86 /* SMSVerificationView.swift in Sources */,
				32D47602ACB44314AF272294 /* AdminLoginView.swift in Sources */,
				F642DA02764945C89AF159F3 /* ClientHomeView.swift in Sources */,
				0D4036E5DF2E42C9A8763B92 /* CalendarView.swift in Sources */,
				D97C87D6CBC24DD59A9E6F57 /* TimeSlotPickerView.swift in Sources */,
				362697DACE34498E951DB5A4 /* BookingFormView.swift in Sources */,
				D98BD6E5BF0C474DB2FE9ACC /* AppointmentDetailView.swift in Sources */,
				317075A327584298ABE9E847 /* AdminDashboardView.swift in Sources */,
				42160E51948249B1A75D0DCE /* AdminSlotManagerView.swift in Sources */,
				D1F4CCC4DE264331A64B4062 /* AdminAppointmentDetailView.swift in Sources */,
			);
			runOnlyForDeploymentPostprocessing = 0;
		};
/* End PBXSourcesBuildPhase section */

/* Begin XCBuildConfiguration section */
		23EAD7F66BDA4448AD9F9036 /* Debug */ = {
			isa = XCBuildConfiguration;
			buildSettings = {
				ALWAYS_SEARCH_USER_PATHS = NO;
				CLANG_ANALYZER_NONNULL = YES;
				CLANG_ANALYZER_NUMBER_OBJECT_CONVERSION = YES_AGGRESSIVE;
				CLANG_CXX_LANGUAGE_STANDARD = "gnu++20";
				CLANG_ENABLE_MODULES = YES;
				CLANG_ENABLE_OBJC_ARC = YES;
				CLANG_ENABLE_OBJC_WEAK = YES;
				CLANG_WARN_BLOCK_CAPTURE_AUTORELEASING = YES;
				CLANG_WARN_BOOL_CONVERSION = YES;
				CLANG_WARN_COMMA = YES;
				CLANG_WARN_CONSTANT_CONVERSION = YES;
				CLANG_WARN_DEPRECATED_OBJC_IMPLEMENTATIONS = YES;
				CLANG_WARN_DIRECT_OBJC_ISA_USAGE = YES_ERROR;
				CLANG_WARN_DOCUMENTATION_COMMENTS = YES;
				CLANG_WARN_EMPTY_BODY = YES;
				CLANG_WARN_ENUM_CONVERSION = YES;
				CLANG_WARN_INFINITE_RECURSION = YES;
				CLANG_WARN_INT_CONVERSION = YES;
				CLANG_WARN_NON_LITERAL_NULL_CONVERSION = YES;
				CLANG_WARN_OBJC_IMPLICIT_RETAIN_CYCLE = YES;
				CLANG_WARN_OBJC_LITERAL_CONVERSION = YES;
				CLANG_WARN_OBJC_ROOT_CLASS = YES_ERROR;
				CLANG_WARN_QUOTED_INCLUDE_IN_FRAMEWORK_HEADER = YES;
				CLANG_WARN_RANGE_LOOP_ANALYSIS = YES;
				CLANG_WARN_STRICT_PROTOTYPES = YES;
				CLANG_WARN_SUSPICIOUS_MOVE = YES;
				CLANG_WARN_UNGUARDED_AVAILABILITY = YES_AGGRESSIVE;
				CLANG_WARN_UNREACHABLE_CODE = YES;
				CLANG_WARN__DUPLICATE_METHOD_MATCH = YES;
				COPY_PHASE_STRIP = NO;
				DEBUG_INFORMATION_FORMAT = dwarf;
				ENABLE_STRICT_OBJC_MSGSEND = YES;
				ENABLE_TESTABILITY = YES;
				ENABLE_USER_SCRIPT_SANDBOXING = YES;
				GCC_C_LANGUAGE_STANDARD = gnu17;
				GCC_DYNAMIC_NO_PIC = NO;
				GCC_NO_COMMON_BLOCKS = YES;
				GCC_OPTIMIZATION_LEVEL = 0;
				GCC_PREPROCESSOR_DEFINITIONS = (
					"DEBUG=1",
					"$(inherited)",
				);
				GCC_WARN_64_TO_32_BIT_CONVERSION = YES;
				GCC_WARN_ABOUT_RETURN_TYPE = YES_ERROR;
				GCC_WARN_UNDECLARED_SELECTOR = YES;
				GCC_WARN_UNINITIALIZED_AUTOS = YES_AGGRESSIVE;
				GCC_WARN_UNUSED_FUNCTION = YES;
				GCC_WARN_UNUSED_VARIABLE = YES;
				IPHONEOS_DEPLOYMENT_TARGET = 17.0;
				MTL_ENABLE_DEBUG_INFO = INCLUDE_SOURCE;
				MTL_FAST_MATH = YES;
				ONLY_ACTIVE_ARCH = YES;
				SDKROOT = iphoneos;
				SWIFT_ACTIVE_COMPILATION_CONDITIONS = DEBUG;
				SWIFT_OPTIMIZATION_LEVEL = "-Onone";
			};
			name = Debug;
		};
		D1ED6A4E70184AF1BCDD65AB /* Release */ = {
			isa = XCBuildConfiguration;
			buildSettings = {
				ALWAYS_SEARCH_USER_PATHS = NO;
				CLANG_ANALYZER_NONNULL = YES;
				CLANG_ANALYZER_NUMBER_OBJECT_CONVERSION = YES_AGGRESSIVE;
				CLANG_CXX_LANGUAGE_STANDARD = "gnu++20";
				CLANG_ENABLE_MODULES = YES;
				CLANG_ENABLE_OBJC_ARC = YES;
				CLANG_ENABLE_OBJC_WEAK = YES;
				COPY_PHASE_STRIP = NO;
				DEBUG_INFORMATION_FORMAT = "dwarf-with-dsym";
				ENABLE_NS_ASSERTIONS = NO;
				ENABLE_STRICT_OBJC_MSGSEND = YES;
				ENABLE_USER_SCRIPT_SANDBOXING = YES;
				GCC_C_LANGUAGE_STANDARD = gnu17;
				GCC_NO_COMMON_BLOCKS = YES;
				GCC_WARN_64_TO_32_BIT_CONVERSION = YES;
				GCC_WARN_ABOUT_RETURN_TYPE = YES_ERROR;
				GCC_WARN_UNDECLARED_SELECTOR = YES;
				GCC_WARN_UNINITIALIZED_AUTOS = YES_AGGRESSIVE;
				GCC_WARN_UNUSED_FUNCTION = YES;
				GCC_WARN_UNUSED_VARIABLE = YES;
				IPHONEOS_DEPLOYMENT_TARGET = 17.0;
				MTL_FAST_MATH = YES;
				SDKROOT = iphoneos;
				SWIFT_COMPILATION_MODE = wholemodule;
				VALIDATE_PRODUCT = YES;
			};
			name = Release;
		};
		3C3997CE97DC452C908C327A /* Debug */ = {
			isa = XCBuildConfiguration;
			buildSettings = {
				ASSTCATALOG_COMPILER_APPICON_NAME = AppIcon;
				ASSTCATALOG_COMPILER_GLOBAL_ACCENT_COLOR_NAME = AccentColor;
				CODE_SIGN_STYLE = Automatic;
				CURRENT_PROJECT_VERSION = 1;
				DEVELOPMENT_ASSET_PATHS = "\"detailsMatter/Preview Content\"";
				ENABLE_PREVIEWS = YES;
				GENERATE_INFOPLIST_FILE = YES;
				INFOPLIST_KEY_UIApplicationSceneManifest_Generation = YES;
				INFOPLIST_KEY_UIApplicationSupportsIndirectInputEvents = YES;
				INFOPLIST_KEY_UILaunchScreen_Generation = YES;
				INFOPLIST_KEY_UISupportedInterfaceOrientations_iPad = "UIInterfaceOrientationPortrait UIInterfaceOrientationPortraitUpsideDown UIInterfaceOrientationLandscapeLeft UIInterfaceOrientationLandscapeRight";
				INFOPLIST_KEY_UISupportedInterfaceOrientations_iPhone = "UIInterfaceOrientationPortrait UIInterfaceOrientationLandscapeLeft UIInterfaceOrientationLandscapeRight";
				IPHONEOS_DEPLOYMENT_TARGET = 17.0;
				LD_RUNPATH_SEARCH_PATHS = (
					"$(inherited)",
					"@executable_path/Frameworks",
				);
				MARKETING_VERSION = 1.0;
				OTHER_LDFLAGS = (
					"$(inherited)",
					"-ObjC",
				);
				PRODUCT_BUNDLE_IDENTIFIER = com.detailsMatter.app;
				PRODUCT_NAME = "$(TARGET_NAME)";
				SWIFT_EMIT_LOC_STRINGS = YES;
				SWIFT_VERSION = 5.0;
				TARGETED_DEVICE_FAMILY = "1,2";
			};
			name = Debug;
		};
		434A5CBE42F2456FBEE764B9 /* Release */ = {
			isa = XCBuildConfiguration;
			buildSettings = {
				ASSTCATALOG_COMPILER_APPICON_NAME = AppIcon;
				ASSTCATALOG_COMPILER_GLOBAL_ACCENT_COLOR_NAME = AccentColor;
				CODE_SIGN_STYLE = Automatic;
				CURRENT_PROJECT_VERSION = 1;
				DEVELOPMENT_ASSET_PATHS = "\"detailsMatter/Preview Content\"";
				ENABLE_PREVIEWS = YES;
				GENERATE_INFOPLIST_FILE = YES;
				INFOPLIST_KEY_UIApplicationSceneManifest_Generation = YES;
				INFOPLIST_KEY_UIApplicationSupportsIndirectInputEvents = YES;
				INFOPLIST_KEY_UILaunchScreen_Generation = YES;
				INFOPLIST_KEY_UISupportedInterfaceOrientations_iPad = "UIInterfaceOrientationPortrait UIInterfaceOrientationPortraitUpsideDown UIInterfaceOrientationLandscapeLeft UIInterfaceOrientationLandscapeRight";
				INFOPLIST_KEY_UISupportedInterfaceOrientations_iPhone = "UIInterfaceOrientationPortrait UIInterfaceOrientationLandscapeLeft UIInterfaceOrientationLandscapeRight";
				IPHONEOS_DEPLOYMENT_TARGET = 17.0;
				LD_RUNPATH_SEARCH_PATHS = (
					"$(inherited)",
					"@executable_path/Frameworks",
				);
				MARKETING_VERSION = 1.0;
				OTHER_LDFLAGS = (
					"$(inherited)",
					"-ObjC",
				);
				PRODUCT_BUNDLE_IDENTIFIER = com.detailsMatter.app;
				PRODUCT_NAME = "$(TARGET_NAME)";
				SWIFT_EMIT_LOC_STRINGS = YES;
				SWIFT_VERSION = 5.0;
				TARGETED_DEVICE_FAMILY = "1,2";
			};
			name = Release;
		};
/* End XCBuildConfiguration section */

/* Begin XCConfigurationList section */
		B16F83B9F5074806B58BBA08 /* Build configuration list for PBXProject "detailsMatter" */ = {
			isa = XCConfigurationList;
			buildConfigurations = (
				23EAD7F66BDA4448AD9F9036 /* Debug */,
				D1ED6A4E70184AF1BCDD65AB /* Release */,
			);
			defaultConfigurationIsVisible = 0;
			defaultConfigurationName = Release;
		};
		0BEB568684D74245BDA60E6C /* Build configuration list for PBXNativeTarget "detailsMatter" */ = {
			isa = XCConfigurationList;
			buildConfigurations = (
				3C3997CE97DC452C908C327A /* Debug */,
				434A5CBE42F2456FBEE764B9 /* Release */,
			);
			defaultConfigurationIsVisible = 0;
			defaultConfigurationName = Release;
		};
/* End XCConfigurationList section */

/* Begin XCRemoteSwiftPackageReference section */
		B1BC527862124156B036F988 /* XCRemoteSwiftPackageReference "firebase-ios-sdk" */ = {
			isa = XCRemoteSwiftPackageReference;
			repositoryURL = "https://github.com/firebase/firebase-ios-sdk";
			requirement = {
				kind = upToNextMajorVersion;
				minimumVersion = 11.0.0;
			};
		};
/* End XCRemoteSwiftPackageReference section */

/* Begin XCSwiftPackageProductDependency section */
		9F10040088E14723B85FF372 /* FirebaseAuth */ = {
			isa = XCSwiftPackageProductDependency;
			package = B1BC527862124156B036F988 /* XCRemoteSwiftPackageReference "firebase-ios-sdk" */;
			productName = FirebaseAuth;
		};
		69E01167B85F4B32839D12CF /* FirebaseFirestore */ = {
			isa = XCSwiftPackageProductDependency;
			package = B1BC527862124156B036F988 /* XCRemoteSwiftPackageReference "firebase-ios-sdk" */;
			productName = FirebaseFirestore;
		};
/* End XCSwiftPackageProductDependency section */

	};
	rootObject = F196614262604E449BD6F8A3 /* Project object */;
}
